// !$*UTF8*$!
{
	archiveVersion = 1;
	classes = {
	};
	objectVersion = 48;
	objects = {

/* Begin PBXBuildFile section */
		77035122203F0B3E00872994 /* Alamofire.framework in Frameworks */ = {isa = PBXBuildFile; fileRef = 77035121203F0B3E00872994 /* Alamofire.framework */; };
		77035126203F0E6900872994 /* furigana.swift in Sources */ = {isa = PBXBuildFile; fileRef = 77035125203F0E6900872994 /* furigana.swift */; };
		7713E116203C762800271A31 /* pokemon.swift in Sources */ = {isa = PBXBuildFile; fileRef = 7713E115203C762800271A31 /* pokemon.swift */; };
		7729043D203BF3D000B19ABC /* AppDelegate.swift in Sources */ = {isa = PBXBuildFile; fileRef = 7729043C203BF3D000B19ABC /* AppDelegate.swift */; };
		7729043F203BF3D000B19ABC /* ViewController.swift in Sources */ = {isa = PBXBuildFile; fileRef = 7729043E203BF3D000B19ABC /* ViewController.swift */; };
		77290442203BF3D000B19ABC /* Main.storyboard in Resources */ = {isa = PBXBuildFile; fileRef = 77290440203BF3D000B19ABC /* Main.storyboard */; };
		77290444203BF3D000B19ABC /* Assets.xcassets in Resources */ = {isa = PBXBuildFile; fileRef = 77290443203BF3D000B19ABC /* Assets.xcassets */; };
		77290447203BF3D000B19ABC /* LaunchScreen.storyboard in Resources */ = {isa = PBXBuildFile; fileRef = 77290445203BF3D000B19ABC /* LaunchScreen.storyboard */; };
		77290452203BF3D000B19ABC /* SpeechRecognizerTestTests.swift in Sources */ = {isa = PBXBuildFile; fileRef = 77290451203BF3D000B19ABC /* SpeechRecognizerTestTests.swift */; };
		7729045D203BF3D000B19ABC /* SpeechRecognizerTestUITests.swift in Sources */ = {isa = PBXBuildFile; fileRef = 7729045C203BF3D000B19ABC /* SpeechRecognizerTestUITests.swift */; };
		7729046B203C739100B19ABC /* pokedata.csv in Resources */ = {isa = PBXBuildFile; fileRef = 7729046A203C739100B19ABC /* pokedata.csv */; };
		77A3809D203C7DDA00EF2E0B /* CSVpokedata.swift in Sources */ = {isa = PBXBuildFile; fileRef = 77A3809C203C7DDA00EF2E0B /* CSVpokedata.swift */; };
		77A3809F203C7E1400EF2E0B /* String.swift in Sources */ = {isa = PBXBuildFile; fileRef = 77A3809E203C7E1400EF2E0B /* String.swift */; };
		8D956BD45C95A27C6062F40B /* Pods_SpeechRecognizerTestUITests.framework in Frameworks */ = {isa = PBXBuildFile; fileRef = C211CC39AAB0D980544A41E0 /* Pods_SpeechRecognizerTestUITests.framework */; };
		CA604F3C42D1728AA5FC24F7 /* Pods_SpeechRecognizerTestTests.framework in Frameworks */ = {isa = PBXBuildFile; fileRef = 68425F11E6A9FCDE16486CB7 /* Pods_SpeechRecognizerTestTests.framework */; };
		D03931FB79C7578CBF55E969 /* Pods_SpeechRecognizerTest.framework in Frameworks */ = {isa = PBXBuildFile; fileRef = 9502187EFC570347A1A52119 /* Pods_SpeechRecognizerTest.framework */; };
/* End PBXBuildFile section */

/* Begin PBXContainerItemProxy section */
		7729044E203BF3D000B19ABC /* PBXContainerItemProxy */ = {
			isa = PBXContainerItemProxy;
			containerPortal = 77290431203BF3D000B19ABC /* Project object */;
			proxyType = 1;
			remoteGlobalIDString = 77290438203BF3D000B19ABC;
			remoteInfo = SpeechRecognizerTest;
		};
		77290459203BF3D000B19ABC /* PBXContainerItemProxy */ = {
			isa = PBXContainerItemProxy;
			containerPortal = 77290431203BF3D000B19ABC /* Project object */;
			proxyType = 1;
			remoteGlobalIDString = 77290438203BF3D000B19ABC;
			remoteInfo = SpeechRecognizerTest;
		};
/* End PBXContainerItemProxy section */

/* Begin PBXFileReference section */
		1494DFC72C0339572E185BEE /* Pods-SpeechRecognizerTestTests.release.xcconfig */ = {isa = PBXFileReference; includeInIndex = 1; lastKnownFileType = text.xcconfig; name = "Pods-SpeechRecognizerTestTests.release.xcconfig"; path = "Pods/Target Support Files/Pods-SpeechRecognizerTestTests/Pods-SpeechRecognizerTestTests.release.xcconfig"; sourceTree = "<group>"; };
		2F5A62C453EDA6F2D3F83405 /* Pods-SpeechRecognizerTest.debug.xcconfig */ = {isa = PBXFileReference; includeInIndex = 1; lastKnownFileType = text.xcconfig; name = "Pods-SpeechRecognizerTest.debug.xcconfig"; path = "Pods/Target Support Files/Pods-SpeechRecognizerTest/Pods-SpeechRecognizerTest.debug.xcconfig"; sourceTree = "<group>"; };
		68425F11E6A9FCDE16486CB7 /* Pods_SpeechRecognizerTestTests.framework */ = {isa = PBXFileReference; explicitFileType = wrapper.framework; includeInIndex = 0; path = Pods_SpeechRecognizerTestTests.framework; sourceTree = BUILT_PRODUCTS_DIR; };
		77035121203F0B3E00872994 /* Alamofire.framework */ = {isa = PBXFileReference; lastKnownFileType = wrapper.framework; name = Alamofire.framework; path = Carthage/Build/iOS/Alamofire.framework; sourceTree = "<group>"; };
		77035125203F0E6900872994 /* furigana.swift */ = {isa = PBXFileReference; lastKnownFileType = sourcecode.swift; path = furigana.swift; sourceTree = "<group>"; };
		7713E115203C762800271A31 /* pokemon.swift */ = {isa = PBXFileReference; lastKnownFileType = sourcecode.swift; path = pokemon.swift; sourceTree = "<group>"; };
		77290439203BF3D000B19ABC /* SpeechRecognizerTest.app */ = {isa = PBXFileReference; explicitFileType = wrapper.application; includeInIndex = 0; path = SpeechRecognizerTest.app; sourceTree = BUILT_PRODUCTS_DIR; };
		7729043C203BF3D000B19ABC /* AppDelegate.swift */ = {isa = PBXFileReference; lastKnownFileType = sourcecode.swift; path = AppDelegate.swift; sourceTree = "<group>"; };
		7729043E203BF3D000B19ABC /* ViewController.swift */ = {isa = PBXFileReference; lastKnownFileType = sourcecode.swift; path = ViewController.swift; sourceTree = "<group>"; };
		77290441203BF3D000B19ABC /* Base */ = {isa = PBXFileReference; lastKnownFileType = file.storyboard; name = Base; path = Base.lproj/Main.storyboard; sourceTree = "<group>"; };
		77290443203BF3D000B19ABC /* Assets.xcassets */ = {isa = PBXFileReference; lastKnownFileType = folder.assetcatalog; path = Assets.xcassets; sourceTree = "<group>"; };
		77290446203BF3D000B19ABC /* Base */ = {isa = PBXFileReference; lastKnownFileType = file.storyboard; name = Base; path = Base.lproj/LaunchScreen.storyboard; sourceTree = "<group>"; };
		77290448203BF3D000B19ABC /* Info.plist */ = {isa = PBXFileReference; lastKnownFileType = text.plist.xml; path = Info.plist; sourceTree = "<group>"; };
		7729044D203BF3D000B19ABC /* SpeechRecognizerTestTests.xctest */ = {isa = PBXFileReference; explicitFileType = wrapper.cfbundle; includeInIndex = 0; path = SpeechRecognizerTestTests.xctest; sourceTree = BUILT_PRODUCTS_DIR; };
		77290451203BF3D000B19ABC /* SpeechRecognizerTestTests.swift */ = {isa = PBXFileReference; lastKnownFileType = sourcecode.swift; path = SpeechRecognizerTestTests.swift; sourceTree = "<group>"; };
		77290453203BF3D000B19ABC /* Info.plist */ = {isa = PBXFileReference; lastKnownFileType = text.plist.xml; path = Info.plist; sourceTree = "<group>"; };
		77290458203BF3D000B19ABC /* SpeechRecognizerTestUITests.xctest */ = {isa = PBXFileReference; explicitFileType = wrapper.cfbundle; includeInIndex = 0; path = SpeechRecognizerTestUITests.xctest; sourceTree = BUILT_PRODUCTS_DIR; };
		7729045C203BF3D000B19ABC /* SpeechRecognizerTestUITests.swift */ = {isa = PBXFileReference; lastKnownFileType = sourcecode.swift; path = SpeechRecognizerTestUITests.swift; sourceTree = "<group>"; };
		7729045E203BF3D000B19ABC /* Info.plist */ = {isa = PBXFileReference; lastKnownFileType = text.plist.xml; path = Info.plist; sourceTree = "<group>"; };
		7729046A203C739100B19ABC /* pokedata.csv */ = {isa = PBXFileReference; lastKnownFileType = text; path = pokedata.csv; sourceTree = "<group>"; };
		77A3809C203C7DDA00EF2E0B /* CSVpokedata.swift */ = {isa = PBXFileReference; lastKnownFileType = sourcecode.swift; path = CSVpokedata.swift; sourceTree = "<group>"; };
		77A3809E203C7E1400EF2E0B /* String.swift */ = {isa = PBXFileReference; lastKnownFileType = sourcecode.swift; path = String.swift; sourceTree = "<group>"; };
		7B7C09852D1C047D718E931C /* Pods-SpeechRecognizerTestUITests.release.xcconfig */ = {isa = PBXFileReference; includeInIndex = 1; lastKnownFileType = text.xcconfig; name = "Pods-SpeechRecognizerTestUITests.release.xcconfig"; path = "Pods/Target Support Files/Pods-SpeechRecognizerTestUITests/Pods-SpeechRecognizerTestUITests.release.xcconfig"; sourceTree = "<group>"; };
		9502187EFC570347A1A52119 /* Pods_SpeechRecognizerTest.framework */ = {isa = PBXFileReference; explicitFileType = wrapper.framework; includeInIndex = 0; path = Pods_SpeechRecognizerTest.framework; sourceTree = BUILT_PRODUCTS_DIR; };
		9CF46B806A0314113F8A0136 /* Pods-SpeechRecognizerTest.release.xcconfig */ = {isa = PBXFileReference; includeInIndex = 1; lastKnownFileType = text.xcconfig; name = "Pods-SpeechRecognizerTest.release.xcconfig"; path = "Pods/Target Support Files/Pods-SpeechRecognizerTest/Pods-SpeechRecognizerTest.release.xcconfig"; sourceTree = "<group>"; };
		C211CC39AAB0D980544A41E0 /* Pods_SpeechRecognizerTestUITests.framework */ = {isa = PBXFileReference; explicitFileType = wrapper.framework; includeInIndex = 0; path = Pods_SpeechRecognizerTestUITests.framework; sourceTree = BUILT_PRODUCTS_DIR; };
		CB7B279A860DAF292FBA9F09 /* Pods-SpeechRecognizerTestTests.debug.xcconfig */ = {isa = PBXFileReference; includeInIndex = 1; lastKnownFileType = text.xcconfig; name = "Pods-SpeechRecognizerTestTests.debug.xcconfig"; path = "Pods/Target Support Files/Pods-SpeechRecognizerTestTests/Pods-SpeechRecognizerTestTests.debug.xcconfig"; sourceTree = "<group>"; };
		D118C1EBE22098CED1F74EF1 /* Pods-SpeechRecognizerTestUITests.debug.xcconfig */ = {isa = PBXFileReference; includeInIndex = 1; lastKnownFileType = text.xcconfig; name = "Pods-SpeechRecognizerTestUITests.debug.xcconfig"; path = "Pods/Target Support Files/Pods-SpeechRecognizerTestUITests/Pods-SpeechRecognizerTestUITests.debug.xcconfig"; sourceTree = "<group>"; };
/* End PBXFileReference section */

/* Begin PBXFrameworksBuildPhase section */
		77290436203BF3D000B19ABC /* Frameworks */ = {
			isa = PBXFrameworksBuildPhase;
			buildActionMask = 2147483647;
			files = (
				77035122203F0B3E00872994 /* Alamofire.framework in Frameworks */,
				D03931FB79C7578CBF55E969 /* Pods_SpeechRecognizerTest.framework in Frameworks */,
			);
			runOnlyForDeploymentPostprocessing = 0;
		};
		7729044A203BF3D000B19ABC /* Frameworks */ = {
			isa = PBXFrameworksBuildPhase;
			buildActionMask = 2147483647;
			files = (
				CA604F3C42D1728AA5FC24F7 /* Pods_SpeechRecognizerTestTests.framework in Frameworks */,
			);
			runOnlyForDeploymentPostprocessing = 0;
		};
		77290455203BF3D000B19ABC /* Frameworks */ = {
			isa = PBXFrameworksBuildPhase;
			buildActionMask = 2147483647;
			files = (
				8D956BD45C95A27C6062F40B /* Pods_SpeechRecognizerTestUITests.framework in Frameworks */,
			);
			runOnlyForDeploymentPostprocessing = 0;
		};
/* End PBXFrameworksBuildPhase section */

/* Begin PBXGroup section */
		00151F930DCB52E9F7C3D4F8 /* Pods */ = {
			isa = PBXGroup;
			children = (
				2F5A62C453EDA6F2D3F83405 /* Pods-SpeechRecognizerTest.debug.xcconfig */,
				9CF46B806A0314113F8A0136 /* Pods-SpeechRecognizerTest.release.xcconfig */,
				CB7B279A860DAF292FBA9F09 /* Pods-SpeechRecognizerTestTests.debug.xcconfig */,
				1494DFC72C0339572E185BEE /* Pods-SpeechRecognizerTestTests.release.xcconfig */,
				D118C1EBE22098CED1F74EF1 /* Pods-SpeechRecognizerTestUITests.debug.xcconfig */,
				7B7C09852D1C047D718E931C /* Pods-SpeechRecognizerTestUITests.release.xcconfig */,
			);
			name = Pods;
			sourceTree = "<group>";
		};
		77290430203BF3D000B19ABC = {
			isa = PBXGroup;
			children = (
				7729043B203BF3D000B19ABC /* SpeechRecognizerTest */,
				77290450203BF3D000B19ABC /* SpeechRecognizerTestTests */,
				7729045B203BF3D000B19ABC /* SpeechRecognizerTestUITests */,
				7729043A203BF3D000B19ABC /* Products */,
				00151F930DCB52E9F7C3D4F8 /* Pods */,
				C20DB0F6C9AD6699CA536A6B /* Frameworks */,
			);
			sourceTree = "<group>";
		};
		7729043A203BF3D000B19ABC /* Products */ = {
			isa = PBXGroup;
			children = (
				77290439203BF3D000B19ABC /* SpeechRecognizerTest.app */,
				7729044D203BF3D000B19ABC /* SpeechRecognizerTestTests.xctest */,
				77290458203BF3D000B19ABC /* SpeechRecognizerTestUITests.xctest */,
			);
			name = Products;
			sourceTree = "<group>";
		};
		7729043B203BF3D000B19ABC /* SpeechRecognizerTest */ = {
			isa = PBXGroup;
			children = (
				7729043C203BF3D000B19ABC /* AppDelegate.swift */,
				7729043E203BF3D000B19ABC /* ViewController.swift */,
				77290440203BF3D000B19ABC /* Main.storyboard */,
				77290443203BF3D000B19ABC /* Assets.xcassets */,
				77290445203BF3D000B19ABC /* LaunchScreen.storyboard */,
				7729046A203C739100B19ABC /* pokedata.csv */,
				77290448203BF3D000B19ABC /* Info.plist */,
				7713E115203C762800271A31 /* pokemon.swift */,
				77A3809C203C7DDA00EF2E0B /* CSVpokedata.swift */,
				77A3809E203C7E1400EF2E0B /* String.swift */,
				77035125203F0E6900872994 /* furigana.swift */,
			);
			path = SpeechRecognizerTest;
			sourceTree = "<group>";
		};
		77290450203BF3D000B19ABC /* SpeechRecognizerTestTests */ = {
			isa = PBXGroup;
			children = (
				77290451203BF3D000B19ABC /* SpeechRecognizerTestTests.swift */,
				77290453203BF3D000B19ABC /* Info.plist */,
			);
			path = SpeechRecognizerTestTests;
			sourceTree = "<group>";
		};
		7729045B203BF3D000B19ABC /* SpeechRecognizerTestUITests */ = {
			isa = PBXGroup;
			children = (
				7729045C203BF3D000B19ABC /* SpeechRecognizerTestUITests.swift */,
				7729045E203BF3D000B19ABC /* Info.plist */,
			);
			path = SpeechRecognizerTestUITests;
			sourceTree = "<group>";
		};
		C20DB0F6C9AD6699CA536A6B /* Frameworks */ = {
			isa = PBXGroup;
			children = (
				77035121203F0B3E00872994 /* Alamofire.framework */,
				9502187EFC570347A1A52119 /* Pods_SpeechRecognizerTest.framework */,
				68425F11E6A9FCDE16486CB7 /* Pods_SpeechRecognizerTestTests.framework */,
				C211CC39AAB0D980544A41E0 /* Pods_SpeechRecognizerTestUITests.framework */,
			);
			name = Frameworks;
			sourceTree = "<group>";
		};
/* End PBXGroup section */

/* Begin PBXNativeTarget section */
		77290438203BF3D000B19ABC /* SpeechRecognizerTest */ = {
			isa = PBXNativeTarget;
			buildConfigurationList = 77290461203BF3D000B19ABC /* Build configuration list for PBXNativeTarget "SpeechRecognizerTest" */;
			buildPhases = (
				4BE6BC979B6D2B56AD72A625 /* [CP] Check Pods Manifest.lock */,
				77290435203BF3D000B19ABC /* Sources */,
				77290436203BF3D000B19ABC /* Frameworks */,
				77290437203BF3D000B19ABC /* Resources */,
				51281579A02652A80748FF5A /* [CP] Embed Pods Frameworks */,
				04D425201EDC5AF7FCD70035 /* [CP] Copy Pods Resources */,
				77035123203F0B5D00872994 /* ShellScript */,
			);
			buildRules = (
			);
			dependencies = (
			);
			name = SpeechRecognizerTest;
			productName = SpeechRecognizerTest;
			productReference = 77290439203BF3D000B19ABC /* SpeechRecognizerTest.app */;
			productType = "com.apple.product-type.application";
		};
		7729044C203BF3D000B19ABC /* SpeechRecognizerTestTests */ = {
			isa = PBXNativeTarget;
			buildConfigurationList = 77290464203BF3D000B19ABC /* Build configuration list for PBXNativeTarget "SpeechRecognizerTestTests" */;
			buildPhases = (
				7663ECB255F1B9461E1A9945 /* [CP] Check Pods Manifest.lock */,
				77290449203BF3D000B19ABC /* Sources */,
				7729044A203BF3D000B19ABC /* Frameworks */,
				7729044B203BF3D000B19ABC /* Resources */,
				12E4EBAF50D8998FADD33A03 /* [CP] Embed Pods Frameworks */,
				9415684486D4AA1EFB4B58BA /* [CP] Copy Pods Resources */,
			);
			buildRules = (
			);
			dependencies = (
				7729044F203BF3D000B19ABC /* PBXTargetDependency */,
			);
			name = SpeechRecognizerTestTests;
			productName = SpeechRecognizerTestTests;
			productReference = 7729044D203BF3D000B19ABC /* SpeechRecognizerTestTests.xctest */;
			productType = "com.apple.product-type.bundle.unit-test";
		};
		77290457203BF3D000B19ABC /* SpeechRecognizerTestUITests */ = {
			isa = PBXNativeTarget;
			buildConfigurationList = 77290467203BF3D000B19ABC /* Build configuration list for PBXNativeTarget "SpeechRecognizerTestUITests" */;
			buildPhases = (
				F1C5C316C58F4D3A2DC4E21D /* [CP] Check Pods Manifest.lock */,
				77290454203BF3D000B19ABC /* Sources */,
				77290455203BF3D000B19ABC /* Frameworks */,
				77290456203BF3D000B19ABC /* Resources */,
				F251E36A827CC735F95B88A3 /* [CP] Embed Pods Frameworks */,
				B44193F126B502900A998510 /* [CP] Copy Pods Resources */,
			);
			buildRules = (
			);
			dependencies = (
				7729045A203BF3D000B19ABC /* PBXTargetDependency */,
			);
			name = SpeechRecognizerTestUITests;
			productName = SpeechRecognizerTestUITests;
			productReference = 77290458203BF3D000B19ABC /* SpeechRecognizerTestUITests.xctest */;
			productType = "com.apple.product-type.bundle.ui-testing";
		};
/* End PBXNativeTarget section */

/* Begin PBXProject section */
		77290431203BF3D000B19ABC /* Project object */ = {
			isa = PBXProject;
			attributes = {
				LastSwiftUpdateCheck = 0920;
				LastUpgradeCheck = 0920;
				ORGANIZATIONNAME = "T S";
				TargetAttributes = {
					77290438203BF3D000B19ABC = {
						CreatedOnToolsVersion = 9.2;
						ProvisioningStyle = Automatic;
					};
					7729044C203BF3D000B19ABC = {
						CreatedOnToolsVersion = 9.2;
						ProvisioningStyle = Automatic;
						TestTargetID = 77290438203BF3D000B19ABC;
					};
					77290457203BF3D000B19ABC = {
						CreatedOnToolsVersion = 9.2;
						ProvisioningStyle = Automatic;
						TestTargetID = 77290438203BF3D000B19ABC;
					};
				};
			};
			buildConfigurationList = 77290434203BF3D000B19ABC /* Build configuration list for PBXProject "SpeechRecognizerTest" */;
			compatibilityVersion = "Xcode 8.0";
			developmentRegion = en;
			hasScannedForEncodings = 0;
			knownRegions = (
				en,
				Base,
			);
			mainGroup = 77290430203BF3D000B19ABC;
			productRefGroup = 7729043A203BF3D000B19ABC /* Products */;
			projectDirPath = "";
			projectRoot = "";
			targets = (
				77290438203BF3D000B19ABC /* SpeechRecognizerTest */,
				7729044C203BF3D000B19ABC /* SpeechRecognizerTestTests */,
				77290457203BF3D000B19ABC /* SpeechRecognizerTestUITests */,
			);
		};
/* End PBXProject section */

/* Begin PBXResourcesBuildPhase section */
		77290437203BF3D000B19ABC /* Resources */ = {
			isa = PBXResourcesBuildPhase;
			buildActionMask = 2147483647;
			files = (
				77290447203BF3D000B19ABC /* LaunchScreen.storyboard in Resources */,
				77290444203BF3D000B19ABC /* Assets.xcassets in Resources */,
				77290442203BF3D000B19ABC /* Main.storyboard in Resources */,
				7729046B203C739100B19ABC /* pokedata.csv in Resources */,
			);
			runOnlyForDeploymentPostprocessing = 0;
		};
		7729044B203BF3D000B19ABC /* Resources */ = {
			isa = PBXResourcesBuildPhase;
			buildActionMask = 2147483647;
			files = (
			);
			runOnlyForDeploymentPostprocessing = 0;
		};
		77290456203BF3D000B19ABC /* Resources */ = {
			isa = PBXResourcesBuildPhase;
			buildActionMask = 2147483647;
			files = (
			);
			runOnlyForDeploymentPostprocessing = 0;
		};
/* End PBXResourcesBuildPhase section */

/* Begin PBXShellScriptBuildPhase section */
		04D425201EDC5AF7FCD70035 /* [CP] Copy Pods Resources */ = {
			isa = PBXShellScriptBuildPhase;
			buildActionMask = 2147483647;
			files = (
			);
			inputPaths = (
			);
			name = "[CP] Copy Pods Resources";
			outputPaths = (
			);
			runOnlyForDeploymentPostprocessing = 0;
			shellPath = /bin/sh;
			shellScript = "\"${SRCROOT}/Pods/Target Support Files/Pods-SpeechRecognizerTest/Pods-SpeechRecognizerTest-resources.sh\"\n";
			showEnvVarsInLog = 0;
		};
		12E4EBAF50D8998FADD33A03 /* [CP] Embed Pods Frameworks */ = {
			isa = PBXShellScriptBuildPhase;
			buildActionMask = 2147483647;
			files = (
			);
			inputPaths = (
			);
			name = "[CP] Embed Pods Frameworks";
			outputPaths = (
			);
			runOnlyForDeploymentPostprocessing = 0;
			shellPath = /bin/sh;
			shellScript = "\"${SRCROOT}/Pods/Target Support Files/Pods-SpeechRecognizerTestTests/Pods-SpeechRecognizerTestTests-frameworks.sh\"\n";
			showEnvVarsInLog = 0;
		};
		4BE6BC979B6D2B56AD72A625 /* [CP] Check Pods Manifest.lock */ = {
			isa = PBXShellScriptBuildPhase;
			buildActionMask = 2147483647;
			files = (
			);
			inputPaths = (
				"${PODS_PODFILE_DIR_PATH}/Podfile.lock",
				"${PODS_ROOT}/Manifest.lock",
			);
			name = "[CP] Check Pods Manifest.lock";
			outputPaths = (
				"$(DERIVED_FILE_DIR)/Pods-SpeechRecognizerTest-checkManifestLockResult.txt",
			);
			runOnlyForDeploymentPostprocessing = 0;
			shellPath = /bin/sh;
			shellScript = "diff \"${PODS_PODFILE_DIR_PATH}/Podfile.lock\" \"${PODS_ROOT}/Manifest.lock\" > /dev/null\nif [ $? != 0 ] ; then\n    # print error to STDERR\n    echo \"error: The sandbox is not in sync with the Podfile.lock. Run 'pod install' or update your CocoaPods installation.\" >&2\n    exit 1\nfi\n# This output is used by Xcode 'outputs' to avoid re-running this script phase.\necho \"SUCCESS\" > \"${SCRIPT_OUTPUT_FILE_0}\"\n";
			showEnvVarsInLog = 0;
		};
		51281579A02652A80748FF5A /* [CP] Embed Pods Frameworks */ = {
			isa = PBXShellScriptBuildPhase;
			buildActionMask = 2147483647;
			files = (
			);
			inputPaths = (
				"${SRCROOT}/Pods/Target Support Files/Pods-SpeechRecognizerTest/Pods-SpeechRecognizerTest-frameworks.sh",
				"${BUILT_PRODUCTS_DIR}/Realm/Realm.framework",
				"${BUILT_PRODUCTS_DIR}/RealmSwift/RealmSwift.framework",
				"${BUILT_PRODUCTS_DIR}/SWXMLHash/SWXMLHash.framework",
			);
			name = "[CP] Embed Pods Frameworks";
			outputPaths = (
				"${TARGET_BUILD_DIR}/${FRAMEWORKS_FOLDER_PATH}/Realm.framework",
				"${TARGET_BUILD_DIR}/${FRAMEWORKS_FOLDER_PATH}/RealmSwift.framework",
				"${TARGET_BUILD_DIR}/${FRAMEWORKS_FOLDER_PATH}/SWXMLHash.framework",
			);
			runOnlyForDeploymentPostprocessing = 0;
			shellPath = /bin/sh;
			shellScript = "\"${SRCROOT}/Pods/Target Support Files/Pods-SpeechRecognizerTest/Pods-SpeechRecognizerTest-frameworks.sh\"\n";
			showEnvVarsInLog = 0;
		};
		7663ECB255F1B9461E1A9945 /* [CP] Check Pods Manifest.lock */ = {
			isa = PBXShellScriptBuildPhase;
			buildActionMask = 2147483647;
			files = (
			);
			inputPaths = (
				"${PODS_PODFILE_DIR_PATH}/Podfile.lock",
				"${PODS_ROOT}/Manifest.lock",
			);
			name = "[CP] Check Pods Manifest.lock";
			outputPaths = (
				"$(DERIVED_FILE_DIR)/Pods-SpeechRecognizerTestTests-checkManifestLockResult.txt",
			);
			runOnlyForDeploymentPostprocessing = 0;
			shellPath = /bin/sh;
			shellScript = "diff \"${PODS_PODFILE_DIR_PATH}/Podfile.lock\" \"${PODS_ROOT}/Manifest.lock\" > /dev/null\nif [ $? != 0 ] ; then\n    # print error to STDERR\n    echo \"error: The sandbox is not in sync with the Podfile.lock. Run 'pod install' or update your CocoaPods installation.\" >&2\n    exit 1\nfi\n# This output is used by Xcode 'outputs' to avoid re-running this script phase.\necho \"SUCCESS\" > \"${SCRIPT_OUTPUT_FILE_0}\"\n";
			showEnvVarsInLog = 0;
		};
		77035123203F0B5D00872994 /* ShellScript */ = {
			isa = PBXShellScriptBuildPhase;
			buildActionMask = 2147483647;
			files = (
			);
			inputPaths = (
				"$(SRCROOT)/Carthage/Build/iOS/Alamofire.framework",
			);
			outputPaths = (
			);
			runOnlyForDeploymentPostprocessing = 0;
			shellPath = /bin/sh;
			shellScript = "/usr/local/bin/carthage copy-frameworks";
		};
		9415684486D4AA1EFB4B58BA /* [CP] Copy Pods Resources */ = {
			isa = PBXShellScriptBuildPhase;
			buildActionMask = 2147483647;
			files = (
			);
			inputPaths = (
			);
			name = "[CP] Copy Pods Resources";
			outputPaths = (
			);
			runOnlyForDeploymentPostprocessing = 0;
			shellPath = /bin/sh;
			shellScript = "\"${SRCROOT}/Pods/Target Support Files/Pods-SpeechRecognizerTestTests/Pods-SpeechRecognizerTestTests-resources.sh\"\n";
			showEnvVarsInLog = 0;
		};
		B44193F126B502900A998510 /* [CP] Copy Pods Resources */ = {
			isa = PBXShellScriptBuildPhase;
			buildActionMask = 2147483647;
			files = (
			);
			inputPaths = (
			);
			name = "[CP] Copy Pods Resources";
			outputPaths = (
			);
			runOnlyForDeploymentPostprocessing = 0;
			shellPath = /bin/sh;
			shellScript = "\"${SRCROOT}/Pods/Target Support Files/Pods-SpeechRecognizerTestUITests/Pods-SpeechRecognizerTestUITests-resources.sh\"\n";
			showEnvVarsInLog = 0;
		};
		F1C5C316C58F4D3A2DC4E21D /* [CP] Check Pods Manifest.lock */ = {
			isa = PBXShellScriptBuildPhase;
			buildActionMask = 2147483647;
			files = (
			);
			inputPaths = (
				"${PODS_PODFILE_DIR_PATH}/Podfile.lock",
				"${PODS_ROOT}/Manifest.lock",
			);
			name = "[CP] Check Pods Manifest.lock";
			outputPaths = (
				"$(DERIVED_FILE_DIR)/Pods-SpeechRecognizerTestUITests-checkManifestLockResult.txt",
			);
			runOnlyForDeploymentPostprocessing = 0;
			shellPath = /bin/sh;
			shellScript = "diff \"${PODS_PODFILE_DIR_PATH}/Podfile.lock\" \"${PODS_ROOT}/Manifest.lock\" > /dev/null\nif [ $? != 0 ] ; then\n    # print error to STDERR\n    echo \"error: The sandbox is not in sync with the Podfile.lock. Run 'pod install' or update your CocoaPods installation.\" >&2\n    exit 1\nfi\n# This output is used by Xcode 'outputs' to avoid re-running this script phase.\necho \"SUCCESS\" > \"${SCRIPT_OUTPUT_FILE_0}\"\n";
			showEnvVarsInLog = 0;
		};
		F251E36A827CC735F95B88A3 /* [CP] Embed Pods Frameworks */ = {
			isa = PBXShellScriptBuildPhase;
			buildActionMask = 2147483647;
			files = (
			);
			inputPaths = (
			);
			name = "[CP] Embed Pods Frameworks";
			outputPaths = (
			);
			runOnlyForDeploymentPostprocessing = 0;
			shellPath = /bin/sh;
			shellScript = "\"${SRCROOT}/Pods/Target Support Files/Pods-SpeechRecognizerTestUITests/Pods-SpeechRecognizerTestUITests-frameworks.sh\"\n";
			showEnvVarsInLog = 0;
		};
/* End PBXShellScriptBuildPhase section */

/* Begin PBXSourcesBuildPhase section */
		77290435203BF3D000B19ABC /* Sources */ = {
			isa = PBXSourcesBuildPhase;
			buildActionMask = 2147483647;
			files = (
				7713E116203C762800271A31 /* pokemon.swift in Sources */,
				77A3809D203C7DDA00EF2E0B /* CSVpokedata.swift in Sources */,
				77035126203F0E6900872994 /* furigana.swift in Sources */,
				77A3809F203C7E1400EF2E0B /* String.swift in Sources */,
				7729043F203BF3D000B19ABC /* ViewController.swift in Sources */,
				7729043D203BF3D000B19ABC /* AppDelegate.swift in Sources */,
			);
			runOnlyForDeploymentPostprocessing = 0;
		};
		77290449203BF3D000B19ABC /* Sources */ = {
			isa = PBXSourcesBuildPhase;
			buildActionMask = 2147483647;
			files = (
				77290452203BF3D000B19ABC /* SpeechRecognizerTestTests.swift in Sources */,
			);
			runOnlyForDeploymentPostprocessing = 0;
		};
		77290454203BF3D000B19ABC /* Sources */ = {
			isa = PBXSourcesBuildPhase;
			buildActionMask = 2147483647;
			files = (
				7729045D203BF3D000B19ABC /* SpeechRecognizerTestUITests.swift in Sources */,
			);
			runOnlyForDeploymentPostprocessing = 0;
		};
/* End PBXSourcesBuildPhase section */

/* Begin PBXTargetDependency section */
		7729044F203BF3D000B19ABC /* PBXTargetDependency */ = {
			isa = PBXTargetDependency;
			target = 77290438203BF3D000B19ABC /* SpeechRecognizerTest */;
			targetProxy = 7729044E203BF3D000B19ABC /* PBXContainerItemProxy */;
		};
		7729045A203BF3D000B19ABC /* PBXTargetDependency */ = {
			isa = PBXTargetDependency;
			target = 77290438203BF3D000B19ABC /* SpeechRecognizerTest */;
			targetProxy = 77290459203BF3D000B19ABC /* PBXContainerItemProxy */;
		};
/* End PBXTargetDependency section */

/* Begin PBXVariantGroup section */
		77290440203BF3D000B19ABC /* Main.storyboard */ = {
			isa = PBXVariantGroup;
			children = (
				77290441203BF3D000B19ABC /* Base */,
			);
			name = Main.storyboard;
			sourceTree = "<group>";
		};
		77290445203BF3D000B19ABC /* LaunchScreen.storyboard */ = {
			isa = PBXVariantGroup;
			children = (
				77290446203BF3D000B19ABC /* Base */,
			);
			name = LaunchScreen.storyboard;
			sourceTree = "<group>";
		};
/* End PBXVariantGroup section */

/* Begin XCBuildConfiguration section */
		7729045F203BF3D000B19ABC /* Debug */ = {
			isa = XCBuildConfiguration;
			buildSettings = {
				ALWAYS_SEARCH_USER_PATHS = NO;
				CLANG_ANALYZER_NONNULL = YES;
				CLANG_ANALYZER_NUMBER_OBJECT_CONVERSION = YES_AGGRESSIVE;
				CLANG_CXX_LANGUAGE_STANDARD = "gnu++14";
				CLANG_CXX_LIBRARY = "libc++";
				CLANG_ENABLE_MODULES = YES;
				CLANG_ENABLE_OBJC_ARC = YES;
				CLANG_WARN_BLOCK_CAPTURE_AUTORELEASING = YES;
				CLANG_WARN_BOOL_CONVERSION = YES;
				CLANG_WARN_COMMA = YES;
				CLANG_WARN_CONSTANT_CONVERSION = YES;
				CLANG_WARN_DIRECT_OBJC_ISA_USAGE = YES_ERROR;
				CLANG_WARN_DOCUMENTATION_COMMENTS = YES;
				CLANG_WARN_EMPTY_BODY = YES;
				CLANG_WARN_ENUM_CONVERSION = YES;
				CLANG_WARN_INFINITE_RECURSION = YES;
				CLANG_WARN_INT_CONVERSION = YES;
				CLANG_WARN_NON_LITERAL_NULL_CONVERSION = YES;
				CLANG_WARN_OBJC_LITERAL_CONVERSION = YES;
				CLANG_WARN_OBJC_ROOT_CLASS = YES_ERROR;
				CLANG_WARN_RANGE_LOOP_ANALYSIS = YES;
				CLANG_WARN_STRICT_PROTOTYPES = YES;
				CLANG_WARN_SUSPICIOUS_MOVE = YES;
				CLANG_WARN_UNGUARDED_AVAILABILITY = YES_AGGRESSIVE;
				CLANG_WARN_UNREACHABLE_CODE = YES;
				CLANG_WARN__DUPLICATE_METHOD_MATCH = YES;
				CODE_SIGN_IDENTITY = "iPhone Developer";
				COPY_PHASE_STRIP = NO;
				DEBUG_INFORMATION_FORMAT = dwarf;
				ENABLE_STRICT_OBJC_MSGSEND = YES;
				ENABLE_TESTABILITY = YES;
				GCC_C_LANGUAGE_STANDARD = gnu11;
				GCC_DYNAMIC_NO_PIC = NO;
				GCC_NO_COMMON_BLOCKS = YES;
				GCC_OPTIMIZATION_LEVEL = 0;
				GCC_PREPROCESSOR_DEFINITIONS = (
					"DEBUG=1",
					"$(inherited)",
				);
				GCC_WARN_64_TO_32_BIT_CONVERSION = YES;
				GCC_WARN_ABOUT_RETURN_TYPE = YES_ERROR;
				GCC_WARN_UNDECLARED_SELECTOR = YES;
				GCC_WARN_UNINITIALIZED_AUTOS = YES_AGGRESSIVE;
				GCC_WARN_UNUSED_FUNCTION = YES;
				GCC_WARN_UNUSED_VARIABLE = YES;
				IPHONEOS_DEPLOYMENT_TARGET = 11.2;
				MTL_ENABLE_DEBUG_INFO = YES;
				ONLY_ACTIVE_ARCH = YES;
				SDKROOT = iphoneos;
				SWIFT_ACTIVE_COMPILATION_CONDITIONS = DEBUG;
				SWIFT_OPTIMIZATION_LEVEL = "-Onone";
			};
			name = Debug;
		};
		77290460203BF3D000B19ABC /* Release */ = {
			isa = XCBuildConfiguration;
			buildSettings = {
				ALWAYS_SEARCH_USER_PATHS = NO;
				CLANG_ANALYZER_NONNULL = YES;
				CLANG_ANALYZER_NUMBER_OBJECT_CONVERSION = YES_AGGRESSIVE;
				CLANG_CXX_LANGUAGE_STANDARD = "gnu++14";
				CLANG_CXX_LIBRARY = "libc++";
				CLANG_ENABLE_MODULES = YES;
				CLANG_ENABLE_OBJC_ARC = YES;
				CLANG_WARN_BLOCK_CAPTURE_AUTORELEASING = YES;
				CLANG_WARN_BOOL_CONVERSION = YES;
				CLANG_WARN_COMMA = YES;
				CLANG_WARN_CONSTANT_CONVERSION = YES;
				CLANG_WARN_DIRECT_OBJC_ISA_USAGE = YES_ERROR;
				CLANG_WARN_DOCUMENTATION_COMMENTS = YES;
				CLANG_WARN_EMPTY_BODY = YES;
				CLANG_WARN_ENUM_CONVERSION = YES;
				CLANG_WARN_INFINITE_RECURSION = YES;
				CLANG_WARN_INT_CONVERSION = YES;
				CLANG_WARN_NON_LITERAL_NULL_CONVERSION = YES;
				CLANG_WARN_OBJC_LITERAL_CONVERSION = YES;
				CLANG_WARN_OBJC_ROOT_CLASS = YES_ERROR;
				CLANG_WARN_RANGE_LOOP_ANALYSIS = YES;
				CLANG_WARN_STRICT_PROTOTYPES = YES;
				CLANG_WARN_SUSPICIOUS_MOVE = YES;
				CLANG_WARN_UNGUARDED_AVAILABILITY = YES_AGGRESSIVE;
				CLANG_WARN_UNREACHABLE_CODE = YES;
				CLANG_WARN__DUPLICATE_METHOD_MATCH = YES;
				CODE_SIGN_IDENTITY = "iPhone Developer";
				COPY_PHASE_STRIP = NO;
				DEBUG_INFORMATION_FORMAT = "dwarf-with-dsym";
				ENABLE_NS_ASSERTIONS = NO;
				ENABLE_STRICT_OBJC_MSGSEND = YES;
				GCC_C_LANGUAGE_STANDARD = gnu11;
				GCC_NO_COMMON_BLOCKS = YES;
				GCC_WARN_64_TO_32_BIT_CONVERSION = YES;
				GCC_WARN_ABOUT_RETURN_TYPE = YES_ERROR;
				GCC_WARN_UNDECLARED_SELECTOR = YES;
				GCC_WARN_UNINITIALIZED_AUTOS = YES_AGGRESSIVE;
				GCC_WARN_UNUSED_FUNCTION = YES;
				GCC_WARN_UNUSED_VARIABLE = YES;
				IPHONEOS_DEPLOYMENT_TARGET = 11.2;
				MTL_ENABLE_DEBUG_INFO = NO;
				SDKROOT = iphoneos;
				SWIFT_OPTIMIZATION_LEVEL = "-Owholemodule";
				VALIDATE_PRODUCT = YES;
			};
			name = Release;
		};
		77290462203BF3D000B19ABC /* Debug */ = {
			isa = XCBuildConfiguration;
			baseConfigurationReference = 2F5A62C453EDA6F2D3F83405 /* Pods-SpeechRecognizerTest.debug.xcconfig */;
			buildSettings = {
				ASSETCATALOG_COMPILER_APPICON_NAME = AppIcon;
				CODE_SIGN_STYLE = Automatic;
				DEVELOPMENT_TEAM = VPJ9JM4297;
				FRAMEWORK_SEARCH_PATHS = (
					"$(inherited)",
					"$(PROJECT_DIR)/Carthage/Build/iOS",
				);
				INFOPLIST_FILE = SpeechRecognizerTest/Info.plist;
				LD_RUNPATH_SEARCH_PATHS = "$(inherited) @executable_path/Frameworks";
				PRODUCT_BUNDLE_IDENTIFIER = megai.SpeechRecognizerTest;
				PRODUCT_NAME = "$(TARGET_NAME)";
				SWIFT_VERSION = 4.0;
				TARGETED_DEVICE_FAMILY = "1,2";
			};
			name = Debug;
		};
		77290463203BF3D000B19ABC /* Release */ = {
			isa = XCBuildConfiguration;
			baseConfigurationReference = 9CF46B806A0314113F8A0136 /* Pods-SpeechRecognizerTest.release.xcconfig */;
			buildSettings = {
				ASSETCATALOG_COMPILER_APPICON_NAME = AppIcon;
				CODE_SIGN_STYLE = Automatic;
				DEVELOPMENT_TEAM = VPJ9JM4297;
				FRAMEWORK_SEARCH_PATHS = (
					"$(inherited)",
					"$(PROJECT_DIR)/Carthage/Build/iOS",
				);
				INFOPLIST_FILE = SpeechRecognizerTest/Info.plist;
				LD_RUNPATH_SEARCH_PATHS = "$(inherited) @executable_path/Frameworks";
				PRODUCT_BUNDLE_IDENTIFIER = megai.SpeechRecognizerTest;
				PRODUCT_NAME = "$(TARGET_NAME)";
				SWIFT_VERSION = 4.0;
				TARGETED_DEVICE_FAMILY = "1,2";
			};
			name = Release;
		};
		77290465203BF3D000B19ABC /* Debug */ = {
			isa = XCBuildConfiguration;
			baseConfigurationReference = CB7B279A860DAF292FBA9F09 /* Pods-SpeechRecognizerTestTests.debug.xcconfig */;
			buildSettings = {
				ALWAYS_EMBED_SWIFT_STANDARD_LIBRARIES = YES;
				BUNDLE_LOADER = "$(TEST_HOST)";
				CODE_SIGN_STYLE = Automatic;
				DEVELOPMENT_TEAM = VPJ9JM4297;
				INFOPLIST_FILE = SpeechRecognizerTestTests/Info.plist;
				LD_RUNPATH_SEARCH_PATHS = "$(inherited) @executable_path/Frameworks @loader_path/Frameworks";
				PRODUCT_BUNDLE_IDENTIFIER = megai.SpeechRecognizerTestTests;
				PRODUCT_NAME = "$(TARGET_NAME)";
				SWIFT_VERSION = 4.0;
				TARGETED_DEVICE_FAMILY = "1,2";
				TEST_HOST = "$(BUILT_PRODUCTS_DIR)/SpeechRecognizerTest.app/SpeechRecognizerTest";
			};
			name = Debug;
		};
		77290466203BF3D000B19ABC /* Release */ = {
			isa = XCBuildConfiguration;
			baseConfigurationReference = 1494DFC72C0339572E185BEE /* Pods-SpeechRecognizerTestTests.release.xcconfig */;
			buildSettings = {
				ALWAYS_EMBED_SWIFT_STANDARD_LIBRARIES = YES;
				BUNDLE_LOADER = "$(TEST_HOST)";
				CODE_SIGN_STYLE = Automatic;
				DEVELOPMENT_TEAM = VPJ9JM4297;
				INFOPLIST_FILE = SpeechRecognizerTestTests/Info.plist;
				LD_RUNPATH_SEARCH_PATHS = "$(inherited) @executable_path/Frameworks @loader_path/Frameworks";
				PRODUCT_BUNDLE_IDENTIFIER = megai.SpeechRecognizerTestTests;
				PRODUCT_NAME = "$(TARGET_NAME)";
				SWIFT_VERSION = 4.0;
				TARGETED_DEVICE_FAMILY = "1,2";
				TEST_HOST = "$(BUILT_PRODUCTS_DIR)/SpeechRecognizerTest.app/SpeechRecognizerTest";
			};
			name = Release;
		};
		77290468203BF3D000B19ABC /* Debug */ = {
			isa = XCBuildConfiguration;
			baseConfigurationReference = D118C1EBE22098CED1F74EF1 /* Pods-SpeechRecognizerTestUITests.debug.xcconfig */;
			buildSettings = {
				ALWAYS_EMBED_SWIFT_STANDARD_LIBRARIES = YES;
				CODE_SIGN_STYLE = Automatic;
				DEVELOPMENT_TEAM = VPJ9JM4297;
				INFOPLIST_FILE = SpeechRecognizerTestUITests/Info.plist;
				LD_RUNPATH_SEARCH_PATHS = "$(inherited) @executable_path/Frameworks @loader_path/Frameworks";
				PRODUCT_BUNDLE_IDENTIFIER = megai.SpeechRecognizerTestUITests;
				PRODUCT_NAME = "$(TARGET_NAME)";
				SWIFT_VERSION = 4.0;
				TARGETED_DEVICE_FAMILY = "1,2";
				TEST_TARGET_NAME = SpeechRecognizerTest;
			};
			name = Debug;
		};
		77290469203BF3D000B19ABC /* Release */ = {
			isa = XCBuildConfiguration;
			baseConfigurationReference = 7B7C09852D1C047D718E931C /* Pods-SpeechRecognizerTestUITests.release.xcconfig */;
			buildSettings = {
				ALWAYS_EMBED_SWIFT_STANDARD_LIBRARIES = YES;
				CODE_SIGN_STYLE = Automatic;
				DEVELOPMENT_TEAM = VPJ9JM4297;
				INFOPLIST_FILE = SpeechRecognizerTestUITests/Info.plist;
				LD_RUNPATH_SEARCH_PATHS = "$(inherited) @executable_path/Frameworks @loader_path/Frameworks";
				PRODUCT_BUNDLE_IDENTIFIER = megai.SpeechRecognizerTestUITests;
				PRODUCT_NAME = "$(TARGET_NAME)";
				SWIFT_VERSION = 4.0;
				TARGETED_DEVICE_FAMILY = "1,2";
				TEST_TARGET_NAME = SpeechRecognizerTest;
			};
			name = Release;
		};
/* End XCBuildConfiguration section */

/* Begin XCConfigurationList section */
		77290434203BF3D000B19ABC /* Build configuration list for PBXProject "SpeechRecognizerTest" */ = {
			isa = XCConfigurationList;
			buildConfigurations = (
				7729045F203BF3D000B19ABC /* Debug */,
				77290460203BF3D000B19ABC /* Release */,
			);
			defaultConfigurationIsVisible = 0;
			defaultConfigurationName = Release;
		};
		77290461203BF3D000B19ABC /* Build configuration list for PBXNativeTarget "SpeechRecognizerTest" */ = {
			isa = XCConfigurationList;
			buildConfigurations = (
				77290462203BF3D000B19ABC /* Debug */,
				77290463203BF3D000B19ABC /* Release */,
			);
			defaultConfigurationIsVisible = 0;
			defaultConfigurationName = Release;
		};
		77290464203BF3D000B19ABC /* Build configuration list for PBXNativeTarget "SpeechRecognizerTestTests" */ = {
			isa = XCConfigurationList;
			buildConfigurations = (
				77290465203BF3D000B19ABC /* Debug */,
				77290466203BF3D000B19ABC /* Release */,
			);
			defaultConfigurationIsVisible = 0;
			defaultConfigurationName = Release;
		};
		77290467203BF3D000B19ABC /* Build configuration list for PBXNativeTarget "SpeechRecognizerTestUITests" */ = {
			isa = XCConfigurationList;
			buildConfigurations = (
				77290468203BF3D000B19ABC /* Debug */,
				77290469203BF3D000B19ABC /* Release */,
			);
			defaultConfigurationIsVisible = 0;
			defaultConfigurationName = Release;
		};
/* End XCConfigurationList section */
	};
	rootObject = 77290431203BF3D000B19ABC /* Project object */;
}
